// !$*UTF8*$!
{
	archiveVersion = 1;
	classes = {
	};
	objectVersion = 46;
	objects = {

/* Begin PBXBuildFile section */
		9B0D2FBA1AD6249A00683722 /* TSButton.m in Sources */ = {isa = PBXBuildFile; fileRef = 9B0D2FB91AD6249A00683722 /* TSButton.m */; };
		9B0F01061AD464C4005DEFA8 /* Constants.m in Sources */ = {isa = PBXBuildFile; fileRef = 9B0F01051AD464C4005DEFA8 /* Constants.m */; };
		9B0F01091AD4923D005DEFA8 /* LocationSelectionViewController.m in Sources */ = {isa = PBXBuildFile; fileRef = 9B0F01081AD4923D005DEFA8 /* LocationSelectionViewController.m */; };
		9B14DAF119E2D257001ADB3E /* NetworkErrorAlert.m in Sources */ = {isa = PBXBuildFile; fileRef = 9B14DAF019E2D257001ADB3E /* NetworkErrorAlert.m */; };
		9B14DAF419E37A89001ADB3E /* RegionListViewController.m in Sources */ = {isa = PBXBuildFile; fileRef = 9B14DAF319E37A89001ADB3E /* RegionListViewController.m */; };
		9B14DAF719E37D04001ADB3E /* MapViewController.m in Sources */ = {isa = PBXBuildFile; fileRef = 9B14DAF619E37D04001ADB3E /* MapViewController.m */; };
		9B1C6E4319A6E82C00D8B804 /* User.m in Sources */ = {isa = PBXBuildFile; fileRef = 9B1C6E4219A6E82C00D8B804 /* User.m */; };
		9B1C6E4619A6F26100D8B804 /* InitialViewController.m in Sources */ = {isa = PBXBuildFile; fileRef = 9B1C6E4519A6F26100D8B804 /* InitialViewController.m */; };
		9B1C6E4919A6F29E00D8B804 /* LoginViewController.m in Sources */ = {isa = PBXBuildFile; fileRef = 9B1C6E4819A6F29E00D8B804 /* LoginViewController.m */; };
		9B228FF21AED7441007F586C /* FirstTripViewController.m in Sources */ = {isa = PBXBuildFile; fileRef = 9B228FF11AED7441007F586C /* FirstTripViewController.m */; };
		9B2CCAEA1AE0323F00C691BF /* TDOAuth.m in Sources */ = {isa = PBXBuildFile; fileRef = 9B2CCAE91AE0323F00C691BF /* TDOAuth.m */; };
		9B2CCAED1AE037F000C691BF /* YPBusiness.m in Sources */ = {isa = PBXBuildFile; fileRef = 9B2CCAEC1AE037F000C691BF /* YPBusiness.m */; };
		9B325EF91A3A98EC00C67667 /* ParseUI.framework in Frameworks */ = {isa = PBXBuildFile; fileRef = 9B325EF81A3A98EC00C67667 /* ParseUI.framework */; };
		9B325EFF1A3A98FE00C67667 /* Parse.framework in Frameworks */ = {isa = PBXBuildFile; fileRef = 9B325EFB1A3A98FE00C67667 /* Parse.framework */; };
		9B325F011A3A98FE00C67667 /* ParseFacebookUtils.framework in Frameworks */ = {isa = PBXBuildFile; fileRef = 9B325EFD1A3A98FE00C67667 /* ParseFacebookUtils.framework */; };
		9B36F2DE1A28EFAD0061DB17 /* UserDefaults.m in Sources */ = {isa = PBXBuildFile; fileRef = 9B36F2DD1A28EFAD0061DB17 /* UserDefaults.m */; };
		9B36F2E51A2B7F500061DB17 /* UIColor+CustomColors.m in Sources */ = {isa = PBXBuildFile; fileRef = 9B36F2E41A2B7F500061DB17 /* UIColor+CustomColors.m */; };
		9B36F2E91A2C17AC0061DB17 /* CreateTripViewController.m in Sources */ = {isa = PBXBuildFile; fileRef = 9B36F2E81A2C17AC0061DB17 /* CreateTripViewController.m */; };
		9B4326141A3AA04F00F6549E /* libsqlite3.dylib in Frameworks */ = {isa = PBXBuildFile; fileRef = 9B4326131A3AA04F00F6549E /* libsqlite3.dylib */; };
		9B47B7CB1AD2EE07007EB0C2 /* CDLocation.m in Sources */ = {isa = PBXBuildFile; fileRef = 9B47B7CA1AD2EE07007EB0C2 /* CDLocation.m */; };
		9B47B7CE1AD2EE07007EB0C2 /* DirectionSet.m in Sources */ = {isa = PBXBuildFile; fileRef = 9B47B7CD1AD2EE07007EB0C2 /* DirectionSet.m */; };
		9B47B7D11AD2EE08007EB0C2 /* Direction.m in Sources */ = {isa = PBXBuildFile; fileRef = 9B47B7D01AD2EE08007EB0C2 /* Direction.m */; };
		9B5690C81AF41FE100D8B4BA /* LocationDetailViewController.m in Sources */ = {isa = PBXBuildFile; fileRef = 9B5690C51AF41EB500D8B4BA /* LocationDetailViewController.m */; };
		9B68B5481AAFF21300AF3493 /* FBSessionManager.m in Sources */ = {isa = PBXBuildFile; fileRef = 9B68B5471AAFF21300AF3493 /* FBSessionManager.m */; };
		9B68D1241A3AA46000299694 /* FacebookSDK.framework in Frameworks */ = {isa = PBXBuildFile; fileRef = 9B68D1231A3AA46000299694 /* FacebookSDK.framework */; };
		9B68D1261A3AA5D500299694 /* Accounts.framework in Frameworks */ = {isa = PBXBuildFile; fileRef = 9B68D1251A3AA5D500299694 /* Accounts.framework */; };
		9B69809B1AE5A68700B08462 /* SearchTableViewController.m in Sources */ = {isa = PBXBuildFile; fileRef = 9B6980991AE5A68700B08462 /* SearchTableViewController.m */; };
		9B6A3A391AC9EF5A00521CDA /* TSMarker.m in Sources */ = {isa = PBXBuildFile; fileRef = 9B6A3A381AC9EF5A00521CDA /* TSMarker.m */; };
		9B7A54741AE74B720031B80D /* HeaderView.m in Sources */ = {isa = PBXBuildFile; fileRef = 9B7A54731AE74B720031B80D /* HeaderView.m */; };
		9B8681DF1A32C3CB009F9AD0 /* FBAudienceNetwork.framework in Frameworks */ = {isa = PBXBuildFile; fileRef = 9B8681DD1A32C3CB009F9AD0 /* FBAudienceNetwork.framework */; };
		9B8681E21A32CB81009F9AD0 /* EntryViewController.m in Sources */ = {isa = PBXBuildFile; fileRef = 9B8681E11A32CB81009F9AD0 /* EntryViewController.m */; };
		9B8681E51A32D1E5009F9AD0 /* RegistrationViewController.m in Sources */ = {isa = PBXBuildFile; fileRef = 9B8681E41A32D1E5009F9AD0 /* RegistrationViewController.m */; };
		9B8681E71A3513C5009F9AD0 /* CustomInfoWindow.xib in Resources */ = {isa = PBXBuildFile; fileRef = 9B8681E61A3513C5009F9AD0 /* CustomInfoWindow.xib */; };
		9B86822A1A36AAC5009F9AD0 /* MapNavigationViewController.m in Sources */ = {isa = PBXBuildFile; fileRef = 9B8682291A36AAC5009F9AD0 /* MapNavigationViewController.m */; };
		9BAA8D08198742AC000BC9A9 /* Model.xcdatamodeld in Sources */ = {isa = PBXBuildFile; fileRef = 9BAA8D06198742AC000BC9A9 /* Model.xcdatamodeld */; };
		9BAA8D7319889193000BC9A9 /* AudioToolbox.framework in Frameworks */ = {isa = PBXBuildFile; fileRef = 9BAA8D7219889193000BC9A9 /* AudioToolbox.framework */; };
		9BAA8D77198891C1000BC9A9 /* MobileCoreServices.framework in Frameworks */ = {isa = PBXBuildFile; fileRef = 9BAA8D76198891C1000BC9A9 /* MobileCoreServices.framework */; };
		9BAA8D79198891D1000BC9A9 /* Security.framework in Frameworks */ = {isa = PBXBuildFile; fileRef = 9BAA8D78198891D1000BC9A9 /* Security.framework */; };
		9BAA8D7B198891DA000BC9A9 /* StoreKit.framework in Frameworks */ = {isa = PBXBuildFile; fileRef = 9BAA8D7A198891DA000BC9A9 /* StoreKit.framework */; };
		9BAA8D7F1988989B000BC9A9 /* libz.dylib in Frameworks */ = {isa = PBXBuildFile; fileRef = 9BB0B8BD197B17D500D545C1 /* libz.dylib */; };
		9BAA8D80198898B1000BC9A9 /* CoreLocation.framework in Frameworks */ = {isa = PBXBuildFile; fileRef = 9BB0B8AF197B178400D545C1 /* CoreLocation.framework */; };
		9BAA8D81198898C1000BC9A9 /* CFNetwork.framework in Frameworks */ = {isa = PBXBuildFile; fileRef = 9BAA8D74198891AE000BC9A9 /* CFNetwork.framework */; };
		9BAA8D83198899B5000BC9A9 /* Social.framework in Frameworks */ = {isa = PBXBuildFile; fileRef = 9BAA8D82198899B5000BC9A9 /* Social.framework */; };
		9BB0B875197AF79500D545C1 /* Foundation.framework in Frameworks */ = {isa = PBXBuildFile; fileRef = 9BB0B874197AF79500D545C1 /* Foundation.framework */; };
		9BB0B877197AF79500D545C1 /* CoreGraphics.framework in Frameworks */ = {isa = PBXBuildFile; fileRef = 9BB0B876197AF79500D545C1 /* CoreGraphics.framework */; };
		9BB0B879197AF79500D545C1 /* UIKit.framework in Frameworks */ = {isa = PBXBuildFile; fileRef = 9BB0B878197AF79500D545C1 /* UIKit.framework */; };
		9BB0B87F197AF79500D545C1 /* InfoPlist.strings in Resources */ = {isa = PBXBuildFile; fileRef = 9BB0B87D197AF79500D545C1 /* InfoPlist.strings */; };
		9BB0B881197AF79500D545C1 /* main.m in Sources */ = {isa = PBXBuildFile; fileRef = 9BB0B880197AF79500D545C1 /* main.m */; };
		9BB0B885197AF79500D545C1 /* AppDelegate.m in Sources */ = {isa = PBXBuildFile; fileRef = 9BB0B884197AF79500D545C1 /* AppDelegate.m */; };
		9BB0B888197AF79500D545C1 /* Main.storyboard in Resources */ = {isa = PBXBuildFile; fileRef = 9BB0B886197AF79500D545C1 /* Main.storyboard */; };
		9BB0B88D197AF79500D545C1 /* Images.xcassets in Resources */ = {isa = PBXBuildFile; fileRef = 9BB0B88C197AF79500D545C1 /* Images.xcassets */; };
		9BB0B894197AF79500D545C1 /* XCTest.framework in Frameworks */ = {isa = PBXBuildFile; fileRef = 9BB0B893197AF79500D545C1 /* XCTest.framework */; };
		9BB0B895197AF79500D545C1 /* Foundation.framework in Frameworks */ = {isa = PBXBuildFile; fileRef = 9BB0B874197AF79500D545C1 /* Foundation.framework */; };
		9BB0B896197AF79500D545C1 /* UIKit.framework in Frameworks */ = {isa = PBXBuildFile; fileRef = 9BB0B878197AF79500D545C1 /* UIKit.framework */; };
		9BB0B89E197AF79500D545C1 /* InfoPlist.strings in Resources */ = {isa = PBXBuildFile; fileRef = 9BB0B89C197AF79500D545C1 /* InfoPlist.strings */; };
		9BB0B8A0197AF79500D545C1 /* TSAppTests.m in Sources */ = {isa = PBXBuildFile; fileRef = 9BB0B89F197AF79500D545C1 /* TSAppTests.m */; };
		9BB0B8AA197AF7F100D545C1 /* GoogleMaps.framework in Frameworks */ = {isa = PBXBuildFile; fileRef = 9BB0B8A9197AF7F100D545C1 /* GoogleMaps.framework */; };
		9BB0B8AC197B171C00D545C1 /* GoogleMaps.bundle in Resources */ = {isa = PBXBuildFile; fileRef = 9BB0B8AB197B171C00D545C1 /* GoogleMaps.bundle */; };
		9BB0B8AE197B175E00D545C1 /* AVFoundation.framework in Frameworks */ = {isa = PBXBuildFile; fileRef = 9BB0B8AD197B175E00D545C1 /* AVFoundation.framework */; };
		9BB0B8B2197B178E00D545C1 /* CoreData.framework in Frameworks */ = {isa = PBXBuildFile; fileRef = 9BB0B8B1197B178E00D545C1 /* CoreData.framework */; };
		9BB0B8B4197B179A00D545C1 /* CoreText.framework in Frameworks */ = {isa = PBXBuildFile; fileRef = 9BB0B8B3197B179A00D545C1 /* CoreText.framework */; };
		9BB0B8B6197B17A400D545C1 /* GLKit.framework in Frameworks */ = {isa = PBXBuildFile; fileRef = 9BB0B8B5197B17A400D545C1 /* GLKit.framework */; };
		9BB0B8B8197B17AD00D545C1 /* ImageIO.framework in Frameworks */ = {isa = PBXBuildFile; fileRef = 9BB0B8B7197B17AD00D545C1 /* ImageIO.framework */; };
		9BB0B8BA197B17BC00D545C1 /* libc++.dylib in Frameworks */ = {isa = PBXBuildFile; fileRef = 9BB0B8B9197B17BC00D545C1 /* libc++.dylib */; };
		9BB0B8BC197B17CC00D545C1 /* libicucore.dylib in Frameworks */ = {isa = PBXBuildFile; fileRef = 9BB0B8BB197B17CC00D545C1 /* libicucore.dylib */; };
		9BB0B8C0197B17DF00D545C1 /* OpenGLES.framework in Frameworks */ = {isa = PBXBuildFile; fileRef = 9BB0B8BF197B17DF00D545C1 /* OpenGLES.framework */; };
		9BB0B8C2197B17E900D545C1 /* QuartzCore.framework in Frameworks */ = {isa = PBXBuildFile; fileRef = 9BB0B8C1197B17E900D545C1 /* QuartzCore.framework */; };
		9BB0B8C4197B17F600D545C1 /* SystemConfiguration.framework in Frameworks */ = {isa = PBXBuildFile; fileRef = 9BB0B8C3197B17F600D545C1 /* SystemConfiguration.framework */; };
		9BBB0F951997F21300C5321D /* LocationsListViewController.m in Sources */ = {isa = PBXBuildFile; fileRef = 9BBB0F941997F21300C5321D /* LocationsListViewController.m */; };
		9BBB1123199AC72300C5321D /* LocationTableViewCell.m in Sources */ = {isa = PBXBuildFile; fileRef = 9BBB1122199AC72300C5321D /* LocationTableViewCell.m */; };
		9BBB1128199AEA2800C5321D /* Location.m in Sources */ = {isa = PBXBuildFile; fileRef = 9BBB1127199AEA2800C5321D /* Location.m */; };
		9BBB112B199AEA3400C5321D /* Region.m in Sources */ = {isa = PBXBuildFile; fileRef = 9BBB112A199AEA3400C5321D /* Region.m */; };
		9BC6CC8619B4FA780020C14D /* NSString+StringCategory.m in Sources */ = {isa = PBXBuildFile; fileRef = 9BC6CC8519B4FA780020C14D /* NSString+StringCategory.m */; };
		9BC6CC8919B5318C0020C14D /* RegionTableViewCell.m in Sources */ = {isa = PBXBuildFile; fileRef = 9BC6CC8819B5318C0020C14D /* RegionTableViewCell.m */; };
		9BCB5B631AD184B50026D5B9 /* DirectionsViewController.m in Sources */ = {isa = PBXBuildFile; fileRef = 9BCB5B621AD184B50026D5B9 /* DirectionsViewController.m */; };
		9BCB5B661AD193CE0026D5B9 /* DirectionsListViewController.m in Sources */ = {isa = PBXBuildFile; fileRef = 9BCB5B651AD193CE0026D5B9 /* DirectionsListViewController.m */; };
		9BE7978C1ABE848B00ED236C /* CDRegion.m in Sources */ = {isa = PBXBuildFile; fileRef = 9BE7978B1ABE848B00ED236C /* CDRegion.m */; };
		9BF7255719944E9100BFCA34 /* MapModel.m in Sources */ = {isa = PBXBuildFile; fileRef = 9BF7255619944E9100BFCA34 /* MapModel.m */; };
/* End PBXBuildFile section */

/* Begin PBXContainerItemProxy section */
		9BB0B897197AF79500D545C1 /* PBXContainerItemProxy */ = {
			isa = PBXContainerItemProxy;
			containerPortal = 9BB0B869197AF79500D545C1 /* Project object */;
			proxyType = 1;
			remoteGlobalIDString = 9BB0B870197AF79500D545C1;
			remoteInfo = TSApp;
		};
/* End PBXContainerItemProxy section */

/* Begin PBXFileReference section */
		9B0D2FB81AD6249A00683722 /* TSButton.h */ = {isa = PBXFileReference; fileEncoding = 4; lastKnownFileType = sourcecode.c.h; path = TSButton.h; sourceTree = "<group>"; };
		9B0D2FB91AD6249A00683722 /* TSButton.m */ = {isa = PBXFileReference; fileEncoding = 4; lastKnownFileType = sourcecode.c.objc; path = TSButton.m; sourceTree = "<group>"; };
		9B0F01041AD464C4005DEFA8 /* Constants.h */ = {isa = PBXFileReference; fileEncoding = 4; lastKnownFileType = sourcecode.c.h; path = Constants.h; sourceTree = "<group>"; };
		9B0F01051AD464C4005DEFA8 /* Constants.m */ = {isa = PBXFileReference; fileEncoding = 4; lastKnownFileType = sourcecode.c.objc; path = Constants.m; sourceTree = "<group>"; };
		9B0F01071AD4923C005DEFA8 /* LocationSelectionViewController.h */ = {isa = PBXFileReference; fileEncoding = 4; lastKnownFileType = sourcecode.c.h; path = LocationSelectionViewController.h; sourceTree = "<group>"; };
		9B0F01081AD4923D005DEFA8 /* LocationSelectionViewController.m */ = {isa = PBXFileReference; fileEncoding = 4; lastKnownFileType = sourcecode.c.objc; path = LocationSelectionViewController.m; sourceTree = "<group>"; };
		9B14DAEF19E2D257001ADB3E /* NetworkErrorAlert.h */ = {isa = PBXFileReference; fileEncoding = 4; lastKnownFileType = sourcecode.c.h; path = NetworkErrorAlert.h; sourceTree = "<group>"; };
		9B14DAF019E2D257001ADB3E /* NetworkErrorAlert.m */ = {isa = PBXFileReference; fileEncoding = 4; lastKnownFileType = sourcecode.c.objc; path = NetworkErrorAlert.m; sourceTree = "<group>"; };
		9B14DAF219E37A89001ADB3E /* RegionListViewController.h */ = {isa = PBXFileReference; fileEncoding = 4; lastKnownFileType = sourcecode.c.h; path = RegionListViewController.h; sourceTree = "<group>"; };
		9B14DAF319E37A89001ADB3E /* RegionListViewController.m */ = {isa = PBXFileReference; fileEncoding = 4; lastKnownFileType = sourcecode.c.objc; path = RegionListViewController.m; sourceTree = "<group>"; };
		9B14DAF519E37D04001ADB3E /* MapViewController.h */ = {isa = PBXFileReference; fileEncoding = 4; lastKnownFileType = sourcecode.c.h; path = MapViewController.h; sourceTree = "<group>"; };
		9B14DAF619E37D04001ADB3E /* MapViewController.m */ = {isa = PBXFileReference; fileEncoding = 4; lastKnownFileType = sourcecode.c.objc; path = MapViewController.m; sourceTree = "<group>"; };
		9B1C6E4119A6E82C00D8B804 /* User.h */ = {isa = PBXFileReference; fileEncoding = 4; lastKnownFileType = sourcecode.c.h; path = User.h; sourceTree = "<group>"; };
		9B1C6E4219A6E82C00D8B804 /* User.m */ = {isa = PBXFileReference; fileEncoding = 4; lastKnownFileType = sourcecode.c.objc; path = User.m; sourceTree = "<group>"; };
		9B1C6E4419A6F26100D8B804 /* InitialViewController.h */ = {isa = PBXFileReference; fileEncoding = 4; lastKnownFileType = sourcecode.c.h; path = InitialViewController.h; sourceTree = "<group>"; };
		9B1C6E4519A6F26100D8B804 /* InitialViewController.m */ = {isa = PBXFileReference; fileEncoding = 4; lastKnownFileType = sourcecode.c.objc; path = InitialViewController.m; sourceTree = "<group>"; };
		9B1C6E4719A6F29E00D8B804 /* LoginViewController.h */ = {isa = PBXFileReference; fileEncoding = 4; lastKnownFileType = sourcecode.c.h; path = LoginViewController.h; sourceTree = "<group>"; };
		9B1C6E4819A6F29E00D8B804 /* LoginViewController.m */ = {isa = PBXFileReference; fileEncoding = 4; lastKnownFileType = sourcecode.c.objc; path = LoginViewController.m; sourceTree = "<group>"; };
		9B228FF01AED7441007F586C /* FirstTripViewController.h */ = {isa = PBXFileReference; fileEncoding = 4; lastKnownFileType = sourcecode.c.h; path = FirstTripViewController.h; sourceTree = "<group>"; };
		9B228FF11AED7441007F586C /* FirstTripViewController.m */ = {isa = PBXFileReference; fileEncoding = 4; lastKnownFileType = sourcecode.c.objc; path = FirstTripViewController.m; sourceTree = "<group>"; };
		9B2CCAE81AE0323F00C691BF /* TDOAuth.h */ = {isa = PBXFileReference; fileEncoding = 4; lastKnownFileType = sourcecode.c.h; path = TDOAuth.h; sourceTree = "<group>"; };
		9B2CCAE91AE0323F00C691BF /* TDOAuth.m */ = {isa = PBXFileReference; fileEncoding = 4; lastKnownFileType = sourcecode.c.objc; path = TDOAuth.m; sourceTree = "<group>"; };
		9B2CCAEB1AE037F000C691BF /* YPBusiness.h */ = {isa = PBXFileReference; fileEncoding = 4; lastKnownFileType = sourcecode.c.h; path = YPBusiness.h; sourceTree = "<group>"; };
		9B2CCAEC1AE037F000C691BF /* YPBusiness.m */ = {isa = PBXFileReference; fileEncoding = 4; lastKnownFileType = sourcecode.c.objc; path = YPBusiness.m; sourceTree = "<group>"; };
		9B325EF81A3A98EC00C67667 /* ParseUI.framework */ = {isa = PBXFileReference; lastKnownFileType = wrapper.framework; path = ParseUI.framework; sourceTree = "<group>"; };
		9B325EFB1A3A98FE00C67667 /* Parse.framework */ = {isa = PBXFileReference; lastKnownFileType = wrapper.framework; path = Parse.framework; sourceTree = "<group>"; };
		9B325EFD1A3A98FE00C67667 /* ParseFacebookUtils.framework */ = {isa = PBXFileReference; lastKnownFileType = wrapper.framework; path = ParseFacebookUtils.framework; sourceTree = "<group>"; };
		9B36F2DC1A28EFAD0061DB17 /* UserDefaults.h */ = {isa = PBXFileReference; fileEncoding = 4; lastKnownFileType = sourcecode.c.h; name = UserDefaults.h; path = ../UserDefaults.h; sourceTree = "<group>"; };
		9B36F2DD1A28EFAD0061DB17 /* UserDefaults.m */ = {isa = PBXFileReference; fileEncoding = 4; lastKnownFileType = sourcecode.c.objc; name = UserDefaults.m; path = ../UserDefaults.m; sourceTree = "<group>"; };
		9B36F2E31A2B7F500061DB17 /* UIColor+CustomColors.h */ = {isa = PBXFileReference; fileEncoding = 4; lastKnownFileType = sourcecode.c.h; name = "UIColor+CustomColors.h"; path = "../UIColor+CustomColors.h"; sourceTree = "<group>"; };
		9B36F2E41A2B7F500061DB17 /* UIColor+CustomColors.m */ = {isa = PBXFileReference; fileEncoding = 4; lastKnownFileType = sourcecode.c.objc; name = "UIColor+CustomColors.m"; path = "../UIColor+CustomColors.m"; sourceTree = "<group>"; };
		9B36F2E71A2C17AC0061DB17 /* CreateTripViewController.h */ = {isa = PBXFileReference; fileEncoding = 4; lastKnownFileType = sourcecode.c.h; path = CreateTripViewController.h; sourceTree = "<group>"; };
		9B36F2E81A2C17AC0061DB17 /* CreateTripViewController.m */ = {isa = PBXFileReference; fileEncoding = 4; lastKnownFileType = sourcecode.c.objc; path = CreateTripViewController.m; sourceTree = "<group>"; };
		9B4326131A3AA04F00F6549E /* libsqlite3.dylib */ = {isa = PBXFileReference; lastKnownFileType = "compiled.mach-o.dylib"; name = libsqlite3.dylib; path = usr/lib/libsqlite3.dylib; sourceTree = SDKROOT; };
		9B47B7C91AD2EE07007EB0C2 /* CDLocation.h */ = {isa = PBXFileReference; fileEncoding = 4; lastKnownFileType = sourcecode.c.h; path = CDLocation.h; sourceTree = "<group>"; };
		9B47B7CA1AD2EE07007EB0C2 /* CDLocation.m */ = {isa = PBXFileReference; fileEncoding = 4; lastKnownFileType = sourcecode.c.objc; path = CDLocation.m; sourceTree = "<group>"; };
		9B47B7CC1AD2EE07007EB0C2 /* DirectionSet.h */ = {isa = PBXFileReference; fileEncoding = 4; lastKnownFileType = sourcecode.c.h; path = DirectionSet.h; sourceTree = "<group>"; };
		9B47B7CD1AD2EE07007EB0C2 /* DirectionSet.m */ = {isa = PBXFileReference; fileEncoding = 4; lastKnownFileType = sourcecode.c.objc; path = DirectionSet.m; sourceTree = "<group>"; };
		9B47B7CF1AD2EE08007EB0C2 /* Direction.h */ = {isa = PBXFileReference; fileEncoding = 4; lastKnownFileType = sourcecode.c.h; path = Direction.h; sourceTree = "<group>"; };
		9B47B7D01AD2EE08007EB0C2 /* Direction.m */ = {isa = PBXFileReference; fileEncoding = 4; lastKnownFileType = sourcecode.c.objc; path = Direction.m; sourceTree = "<group>"; };
		9B5690C41AF41EB500D8B4BA /* LocationDetailViewController.h */ = {isa = PBXFileReference; fileEncoding = 4; lastKnownFileType = sourcecode.c.h; path = LocationDetailViewController.h; sourceTree = "<group>"; };
		9B5690C51AF41EB500D8B4BA /* LocationDetailViewController.m */ = {isa = PBXFileReference; fileEncoding = 4; lastKnownFileType = sourcecode.c.objc; path = LocationDetailViewController.m; sourceTree = "<group>"; };
		9B68B5461AAFF21300AF3493 /* FBSessionManager.h */ = {isa = PBXFileReference; fileEncoding = 4; lastKnownFileType = sourcecode.c.h; path = FBSessionManager.h; sourceTree = "<group>"; };
		9B68B5471AAFF21300AF3493 /* FBSessionManager.m */ = {isa = PBXFileReference; fileEncoding = 4; lastKnownFileType = sourcecode.c.objc; path = FBSessionManager.m; sourceTree = "<group>"; };
		9B68D1231A3AA46000299694 /* FacebookSDK.framework */ = {isa = PBXFileReference; lastKnownFileType = wrapper.framework; path = FacebookSDK.framework; sourceTree = "<group>"; };
		9B68D1251A3AA5D500299694 /* Accounts.framework */ = {isa = PBXFileReference; lastKnownFileType = wrapper.framework; name = Accounts.framework; path = System/Library/Frameworks/Accounts.framework; sourceTree = SDKROOT; };
		9B6980961AE5A66C00B08462 /* SearchTableViewController.h */ = {isa = PBXFileReference; fileEncoding = 4; lastKnownFileType = sourcecode.c.h; path = SearchTableViewController.h; sourceTree = "<group>"; };
		9B6980991AE5A68700B08462 /* SearchTableViewController.m */ = {isa = PBXFileReference; fileEncoding = 4; lastKnownFileType = sourcecode.c.objc; path = SearchTableViewController.m; sourceTree = "<group>"; };
		9B6A3A371AC9EF5A00521CDA /* TSMarker.h */ = {isa = PBXFileReference; fileEncoding = 4; lastKnownFileType = sourcecode.c.h; path = TSMarker.h; sourceTree = "<group>"; };
		9B6A3A381AC9EF5A00521CDA /* TSMarker.m */ = {isa = PBXFileReference; fileEncoding = 4; lastKnownFileType = sourcecode.c.objc; path = TSMarker.m; sourceTree = "<group>"; };
		9B7A54721AE74B720031B80D /* HeaderView.h */ = {isa = PBXFileReference; fileEncoding = 4; lastKnownFileType = sourcecode.c.h; path = HeaderView.h; sourceTree = "<group>"; };
		9B7A54731AE74B720031B80D /* HeaderView.m */ = {isa = PBXFileReference; fileEncoding = 4; lastKnownFileType = sourcecode.c.objc; path = HeaderView.m; sourceTree = "<group>"; };
		9B8681DD1A32C3CB009F9AD0 /* FBAudienceNetwork.framework */ = {isa = PBXFileReference; lastKnownFileType = wrapper.framework; path = FBAudienceNetwork.framework; sourceTree = "<group>"; };
		9B8681E01A32CB81009F9AD0 /* EntryViewController.h */ = {isa = PBXFileReference; fileEncoding = 4; lastKnownFileType = sourcecode.c.h; path = EntryViewController.h; sourceTree = "<group>"; };
		9B8681E11A32CB81009F9AD0 /* EntryViewController.m */ = {isa = PBXFileReference; fileEncoding = 4; lastKnownFileType = sourcecode.c.objc; path = EntryViewController.m; sourceTree = "<group>"; };
		9B8681E31A32D1E5009F9AD0 /* RegistrationViewController.h */ = {isa = PBXFileReference; fileEncoding = 4; lastKnownFileType = sourcecode.c.h; path = RegistrationViewController.h; sourceTree = "<group>"; };
		9B8681E41A32D1E5009F9AD0 /* RegistrationViewController.m */ = {isa = PBXFileReference; fileEncoding = 4; lastKnownFileType = sourcecode.c.objc; path = RegistrationViewController.m; sourceTree = "<group>"; };
		9B8681E61A3513C5009F9AD0 /* CustomInfoWindow.xib */ = {isa = PBXFileReference; fileEncoding = 4; lastKnownFileType = file.xib; path = CustomInfoWindow.xib; sourceTree = "<group>"; };
		9B8682281A36AAC5009F9AD0 /* MapNavigationViewController.h */ = {isa = PBXFileReference; fileEncoding = 4; lastKnownFileType = sourcecode.c.h; path = MapNavigationViewController.h; sourceTree = "<group>"; };
		9B8682291A36AAC5009F9AD0 /* MapNavigationViewController.m */ = {isa = PBXFileReference; fileEncoding = 4; lastKnownFileType = sourcecode.c.objc; path = MapNavigationViewController.m; sourceTree = "<group>"; };
		9BAA8D07198742AC000BC9A9 /* Model.xcdatamodel */ = {isa = PBXFileReference; lastKnownFileType = wrapper.xcdatamodel; path = Model.xcdatamodel; sourceTree = "<group>"; };
		9BAA8D7219889193000BC9A9 /* AudioToolbox.framework */ = {isa = PBXFileReference; lastKnownFileType = wrapper.framework; name = AudioToolbox.framework; path = System/Library/Frameworks/AudioToolbox.framework; sourceTree = SDKROOT; };
		9BAA8D74198891AE000BC9A9 /* CFNetwork.framework */ = {isa = PBXFileReference; lastKnownFileType = wrapper.framework; name = CFNetwork.framework; path = System/Library/Frameworks/CFNetwork.framework; sourceTree = SDKROOT; };
		9BAA8D76198891C1000BC9A9 /* MobileCoreServices.framework */ = {isa = PBXFileReference; lastKnownFileType = wrapper.framework; name = MobileCoreServices.framework; path = System/Library/Frameworks/MobileCoreServices.framework; sourceTree = SDKROOT; };
		9BAA8D78198891D1000BC9A9 /* Security.framework */ = {isa = PBXFileReference; lastKnownFileType = wrapper.framework; name = Security.framework; path = System/Library/Frameworks/Security.framework; sourceTree = SDKROOT; };
		9BAA8D7A198891DA000BC9A9 /* StoreKit.framework */ = {isa = PBXFileReference; lastKnownFileType = wrapper.framework; name = StoreKit.framework; path = System/Library/Frameworks/StoreKit.framework; sourceTree = SDKROOT; };
		9BAA8D82198899B5000BC9A9 /* Social.framework */ = {isa = PBXFileReference; lastKnownFileType = wrapper.framework; name = Social.framework; path = System/Library/Frameworks/Social.framework; sourceTree = SDKROOT; };
		9BB0B871197AF79500D545C1 /* TSApp.app */ = {isa = PBXFileReference; explicitFileType = wrapper.application; includeInIndex = 0; path = TSApp.app; sourceTree = BUILT_PRODUCTS_DIR; };
		9BB0B874197AF79500D545C1 /* Foundation.framework */ = {isa = PBXFileReference; lastKnownFileType = wrapper.framework; name = Foundation.framework; path = System/Library/Frameworks/Foundation.framework; sourceTree = SDKROOT; };
		9BB0B876197AF79500D545C1 /* CoreGraphics.framework */ = {isa = PBXFileReference; lastKnownFileType = wrapper.framework; name = CoreGraphics.framework; path = System/Library/Frameworks/CoreGraphics.framework; sourceTree = SDKROOT; };
		9BB0B878197AF79500D545C1 /* UIKit.framework */ = {isa = PBXFileReference; lastKnownFileType = wrapper.framework; name = UIKit.framework; path = System/Library/Frameworks/UIKit.framework; sourceTree = SDKROOT; };
		9BB0B87C197AF79500D545C1 /* TSApp-Info.plist */ = {isa = PBXFileReference; lastKnownFileType = text.plist.xml; path = "TSApp-Info.plist"; sourceTree = "<group>"; };
		9BB0B87E197AF79500D545C1 /* en */ = {isa = PBXFileReference; lastKnownFileType = text.plist.strings; name = en; path = en.lproj/InfoPlist.strings; sourceTree = "<group>"; };
		9BB0B880197AF79500D545C1 /* main.m */ = {isa = PBXFileReference; lastKnownFileType = sourcecode.c.objc; path = main.m; sourceTree = "<group>"; };
		9BB0B882197AF79500D545C1 /* TSApp-Prefix.pch */ = {isa = PBXFileReference; lastKnownFileType = sourcecode.c.h; path = "TSApp-Prefix.pch"; sourceTree = "<group>"; };
		9BB0B883197AF79500D545C1 /* AppDelegate.h */ = {isa = PBXFileReference; lastKnownFileType = sourcecode.c.h; path = AppDelegate.h; sourceTree = "<group>"; };
		9BB0B884197AF79500D545C1 /* AppDelegate.m */ = {isa = PBXFileReference; lastKnownFileType = sourcecode.c.objc; path = AppDelegate.m; sourceTree = "<group>"; };
		9BB0B887197AF79500D545C1 /* Base */ = {isa = PBXFileReference; lastKnownFileType = file.storyboard; name = Base; path = Base.lproj/Main.storyboard; sourceTree = "<group>"; };
		9BB0B88C197AF79500D545C1 /* Images.xcassets */ = {isa = PBXFileReference; lastKnownFileType = folder.assetcatalog; path = Images.xcassets; sourceTree = "<group>"; };
		9BB0B892197AF79500D545C1 /* TSAppTests.xctest */ = {isa = PBXFileReference; explicitFileType = wrapper.cfbundle; includeInIndex = 0; path = TSAppTests.xctest; sourceTree = BUILT_PRODUCTS_DIR; };
		9BB0B893197AF79500D545C1 /* XCTest.framework */ = {isa = PBXFileReference; lastKnownFileType = wrapper.framework; name = XCTest.framework; path = Library/Frameworks/XCTest.framework; sourceTree = DEVELOPER_DIR; };
		9BB0B89B197AF79500D545C1 /* TSAppTests-Info.plist */ = {isa = PBXFileReference; lastKnownFileType = text.plist.xml; path = "TSAppTests-Info.plist"; sourceTree = "<group>"; };
		9BB0B89D197AF79500D545C1 /* en */ = {isa = PBXFileReference; lastKnownFileType = text.plist.strings; name = en; path = en.lproj/InfoPlist.strings; sourceTree = "<group>"; };
		9BB0B89F197AF79500D545C1 /* TSAppTests.m */ = {isa = PBXFileReference; lastKnownFileType = sourcecode.c.objc; path = TSAppTests.m; sourceTree = "<group>"; };
		9BB0B8A9197AF7F100D545C1 /* GoogleMaps.framework */ = {isa = PBXFileReference; lastKnownFileType = wrapper.framework; path = GoogleMaps.framework; sourceTree = "<group>"; };
		9BB0B8AB197B171C00D545C1 /* GoogleMaps.bundle */ = {isa = PBXFileReference; lastKnownFileType = "wrapper.plug-in"; name = GoogleMaps.bundle; path = GoogleMaps.framework/Versions/A/Resources/GoogleMaps.bundle; sourceTree = "<group>"; };
		9BB0B8AD197B175E00D545C1 /* AVFoundation.framework */ = {isa = PBXFileReference; lastKnownFileType = wrapper.framework; name = AVFoundation.framework; path = System/Library/Frameworks/AVFoundation.framework; sourceTree = SDKROOT; };
		9BB0B8AF197B178400D545C1 /* CoreLocation.framework */ = {isa = PBXFileReference; lastKnownFileType = wrapper.framework; name = CoreLocation.framework; path = System/Library/Frameworks/CoreLocation.framework; sourceTree = SDKROOT; };
		9BB0B8B1197B178E00D545C1 /* CoreData.framework */ = {isa = PBXFileReference; lastKnownFileType = wrapper.framework; name = CoreData.framework; path = System/Library/Frameworks/CoreData.framework; sourceTree = SDKROOT; };
		9BB0B8B3197B179A00D545C1 /* CoreText.framework */ = {isa = PBXFileReference; lastKnownFileType = wrapper.framework; name = CoreText.framework; path = System/Library/Frameworks/CoreText.framework; sourceTree = SDKROOT; };
		9BB0B8B5197B17A400D545C1 /* GLKit.framework */ = {isa = PBXFileReference; lastKnownFileType = wrapper.framework; name = GLKit.framework; path = System/Library/Frameworks/GLKit.framework; sourceTree = SDKROOT; };
		9BB0B8B7197B17AD00D545C1 /* ImageIO.framework */ = {isa = PBXFileReference; lastKnownFileType = wrapper.framework; name = ImageIO.framework; path = System/Library/Frameworks/ImageIO.framework; sourceTree = SDKROOT; };
		9BB0B8B9197B17BC00D545C1 /* libc++.dylib */ = {isa = PBXFileReference; lastKnownFileType = "compiled.mach-o.dylib"; name = "libc++.dylib"; path = "usr/lib/libc++.dylib"; sourceTree = SDKROOT; };
		9BB0B8BB197B17CC00D545C1 /* libicucore.dylib */ = {isa = PBXFileReference; lastKnownFileType = "compiled.mach-o.dylib"; name = libicucore.dylib; path = usr/lib/libicucore.dylib; sourceTree = SDKROOT; };
		9BB0B8BD197B17D500D545C1 /* libz.dylib */ = {isa = PBXFileReference; lastKnownFileType = "compiled.mach-o.dylib"; name = libz.dylib; path = usr/lib/libz.dylib; sourceTree = SDKROOT; };
		9BB0B8BF197B17DF00D545C1 /* OpenGLES.framework */ = {isa = PBXFileReference; lastKnownFileType = wrapper.framework; name = OpenGLES.framework; path = System/Library/Frameworks/OpenGLES.framework; sourceTree = SDKROOT; };
		9BB0B8C1197B17E900D545C1 /* QuartzCore.framework */ = {isa = PBXFileReference; lastKnownFileType = wrapper.framework; name = QuartzCore.framework; path = System/Library/Frameworks/QuartzCore.framework; sourceTree = SDKROOT; };
		9BB0B8C3197B17F600D545C1 /* SystemConfiguration.framework */ = {isa = PBXFileReference; lastKnownFileType = wrapper.framework; name = SystemConfiguration.framework; path = System/Library/Frameworks/SystemConfiguration.framework; sourceTree = SDKROOT; };
		9BBB0F931997F21300C5321D /* LocationsListViewController.h */ = {isa = PBXFileReference; fileEncoding = 4; lastKnownFileType = sourcecode.c.h; name = LocationsListViewController.h; path = ../LocationsListViewController.h; sourceTree = "<group>"; };
		9BBB0F941997F21300C5321D /* LocationsListViewController.m */ = {isa = PBXFileReference; fileEncoding = 4; lastKnownFileType = sourcecode.c.objc; name = LocationsListViewController.m; path = ../LocationsListViewController.m; sourceTree = "<group>"; };
		9BBB1121199AC72300C5321D /* LocationTableViewCell.h */ = {isa = PBXFileReference; fileEncoding = 4; lastKnownFileType = sourcecode.c.h; name = LocationTableViewCell.h; path = ../LocationTableViewCell.h; sourceTree = "<group>"; };
		9BBB1122199AC72300C5321D /* LocationTableViewCell.m */ = {isa = PBXFileReference; fileEncoding = 4; lastKnownFileType = sourcecode.c.objc; name = LocationTableViewCell.m; path = ../LocationTableViewCell.m; sourceTree = "<group>"; };
		9BBB1126199AEA2800C5321D /* Location.h */ = {isa = PBXFileReference; fileEncoding = 4; lastKnownFileType = sourcecode.c.h; path = Location.h; sourceTree = "<group>"; };
		9BBB1127199AEA2800C5321D /* Location.m */ = {isa = PBXFileReference; fileEncoding = 4; lastKnownFileType = sourcecode.c.objc; path = Location.m; sourceTree = "<group>"; };
		9BBB1129199AEA3400C5321D /* Region.h */ = {isa = PBXFileReference; fileEncoding = 4; lastKnownFileType = sourcecode.c.h; path = Region.h; sourceTree = "<group>"; };
		9BBB112A199AEA3400C5321D /* Region.m */ = {isa = PBXFileReference; fileEncoding = 4; lastKnownFileType = sourcecode.c.objc; path = Region.m; sourceTree = "<group>"; };
		9BC6CC8419B4FA780020C14D /* NSString+StringCategory.h */ = {isa = PBXFileReference; fileEncoding = 4; lastKnownFileType = sourcecode.c.h; path = "NSString+StringCategory.h"; sourceTree = "<group>"; };
		9BC6CC8519B4FA780020C14D /* NSString+StringCategory.m */ = {isa = PBXFileReference; fileEncoding = 4; lastKnownFileType = sourcecode.c.objc; path = "NSString+StringCategory.m"; sourceTree = "<group>"; };
		9BC6CC8719B5318C0020C14D /* RegionTableViewCell.h */ = {isa = PBXFileReference; fileEncoding = 4; lastKnownFileType = sourcecode.c.h; path = RegionTableViewCell.h; sourceTree = "<group>"; };
		9BC6CC8819B5318C0020C14D /* RegionTableViewCell.m */ = {isa = PBXFileReference; fileEncoding = 4; lastKnownFileType = sourcecode.c.objc; path = RegionTableViewCell.m; sourceTree = "<group>"; };
		9BCB5B611AD184B50026D5B9 /* DirectionsViewController.h */ = {isa = PBXFileReference; fileEncoding = 4; lastKnownFileType = sourcecode.c.h; path = DirectionsViewController.h; sourceTree = "<group>"; };
		9BCB5B621AD184B50026D5B9 /* DirectionsViewController.m */ = {isa = PBXFileReference; fileEncoding = 4; lastKnownFileType = sourcecode.c.objc; path = DirectionsViewController.m; sourceTree = "<group>"; };
		9BCB5B641AD193CE0026D5B9 /* DirectionsListViewController.h */ = {isa = PBXFileReference; fileEncoding = 4; lastKnownFileType = sourcecode.c.h; path = DirectionsListViewController.h; sourceTree = "<group>"; };
		9BCB5B651AD193CE0026D5B9 /* DirectionsListViewController.m */ = {isa = PBXFileReference; fileEncoding = 4; lastKnownFileType = sourcecode.c.objc; path = DirectionsListViewController.m; sourceTree = "<group>"; };
		9BE7978A1ABE848B00ED236C /* CDRegion.h */ = {isa = PBXFileReference; fileEncoding = 4; lastKnownFileType = sourcecode.c.h; name = CDRegion.h; path = ../CDRegion.h; sourceTree = "<group>"; };
		9BE7978B1ABE848B00ED236C /* CDRegion.m */ = {isa = PBXFileReference; fileEncoding = 4; lastKnownFileType = sourcecode.c.objc; name = CDRegion.m; path = ../CDRegion.m; sourceTree = "<group>"; };
		9BF7255519944E9100BFCA34 /* MapModel.h */ = {isa = PBXFileReference; fileEncoding = 4; lastKnownFileType = sourcecode.c.h; name = MapModel.h; path = ../MapModel.h; sourceTree = "<group>"; };
		9BF7255619944E9100BFCA34 /* MapModel.m */ = {isa = PBXFileReference; fileEncoding = 4; lastKnownFileType = sourcecode.c.objc; name = MapModel.m; path = ../MapModel.m; sourceTree = "<group>"; };
/* End PBXFileReference section */

/* Begin PBXFrameworksBuildPhase section */
		9BB0B86E197AF79500D545C1 /* Frameworks */ = {
			isa = PBXFrameworksBuildPhase;
			buildActionMask = 2147483647;
			files = (
				9B68D1261A3AA5D500299694 /* Accounts.framework in Frameworks */,
				9B4326141A3AA04F00F6549E /* libsqlite3.dylib in Frameworks */,
				9BAA8D83198899B5000BC9A9 /* Social.framework in Frameworks */,
				9BAA8D81198898C1000BC9A9 /* CFNetwork.framework in Frameworks */,
				9B68D1241A3AA46000299694 /* FacebookSDK.framework in Frameworks */,
				9B325EF91A3A98EC00C67667 /* ParseUI.framework in Frameworks */,
				9BAA8D80198898B1000BC9A9 /* CoreLocation.framework in Frameworks */,
				9BAA8D7F1988989B000BC9A9 /* libz.dylib in Frameworks */,
				9BAA8D7B198891DA000BC9A9 /* StoreKit.framework in Frameworks */,
				9BAA8D79198891D1000BC9A9 /* Security.framework in Frameworks */,
				9BAA8D77198891C1000BC9A9 /* MobileCoreServices.framework in Frameworks */,
				9BAA8D7319889193000BC9A9 /* AudioToolbox.framework in Frameworks */,
				9B325EFF1A3A98FE00C67667 /* Parse.framework in Frameworks */,
				9BB0B877197AF79500D545C1 /* CoreGraphics.framework in Frameworks */,
				9BB0B8B2197B178E00D545C1 /* CoreData.framework in Frameworks */,
				9BB0B8C4197B17F600D545C1 /* SystemConfiguration.framework in Frameworks */,
				9BB0B8C2197B17E900D545C1 /* QuartzCore.framework in Frameworks */,
				9BB0B8C0197B17DF00D545C1 /* OpenGLES.framework in Frameworks */,
				9BB0B8BC197B17CC00D545C1 /* libicucore.dylib in Frameworks */,
				9BB0B8BA197B17BC00D545C1 /* libc++.dylib in Frameworks */,
				9B8681DF1A32C3CB009F9AD0 /* FBAudienceNetwork.framework in Frameworks */,
				9BB0B8B8197B17AD00D545C1 /* ImageIO.framework in Frameworks */,
				9BB0B8B6197B17A400D545C1 /* GLKit.framework in Frameworks */,
				9BB0B8B4197B179A00D545C1 /* CoreText.framework in Frameworks */,
				9BB0B8AE197B175E00D545C1 /* AVFoundation.framework in Frameworks */,
				9B325F011A3A98FE00C67667 /* ParseFacebookUtils.framework in Frameworks */,
				9BB0B879197AF79500D545C1 /* UIKit.framework in Frameworks */,
				9BB0B8AA197AF7F100D545C1 /* GoogleMaps.framework in Frameworks */,
				9BB0B875197AF79500D545C1 /* Foundation.framework in Frameworks */,
			);
			runOnlyForDeploymentPostprocessing = 0;
		};
		9BB0B88F197AF79500D545C1 /* Frameworks */ = {
			isa = PBXFrameworksBuildPhase;
			buildActionMask = 2147483647;
			files = (
				9BB0B894197AF79500D545C1 /* XCTest.framework in Frameworks */,
				9BB0B896197AF79500D545C1 /* UIKit.framework in Frameworks */,
				9BB0B895197AF79500D545C1 /* Foundation.framework in Frameworks */,
			);
			runOnlyForDeploymentPostprocessing = 0;
		};
/* End PBXFrameworksBuildPhase section */

/* Begin PBXGroup section */
		9B0D2FB71AD6245900683722 /* Buttons */ = {
			isa = PBXGroup;
			children = (
				9B0D2FB81AD6249A00683722 /* TSButton.h */,
				9B0D2FB91AD6249A00683722 /* TSButton.m */,
			);
			name = Buttons;
			sourceTree = "<group>";
		};
		9B0F010B1AD492B2005DEFA8 /* Locations */ = {
			isa = PBXGroup;
			children = (
				9BBB1121199AC72300C5321D /* LocationTableViewCell.h */,
				9BBB1122199AC72300C5321D /* LocationTableViewCell.m */,
				9BBB0F931997F21300C5321D /* LocationsListViewController.h */,
				9BBB0F941997F21300C5321D /* LocationsListViewController.m */,
				9B0F01071AD4923C005DEFA8 /* LocationSelectionViewController.h */,
				9B0F01081AD4923D005DEFA8 /* LocationSelectionViewController.m */,
				9B5690C41AF41EB500D8B4BA /* LocationDetailViewController.h */,
				9B5690C51AF41EB500D8B4BA /* LocationDetailViewController.m */,
			);
			name = Locations;
			sourceTree = "<group>";
		};
		9B36F2E61A2B83320061DB17 /* Utilities */ = {
			isa = PBXGroup;
			children = (
				9B2CCAE81AE0323F00C691BF /* TDOAuth.h */,
				9B2CCAE91AE0323F00C691BF /* TDOAuth.m */,
				9B0F01041AD464C4005DEFA8 /* Constants.h */,
				9B0F01051AD464C4005DEFA8 /* Constants.m */,
				9B14DAEF19E2D257001ADB3E /* NetworkErrorAlert.h */,
				9B14DAF019E2D257001ADB3E /* NetworkErrorAlert.m */,
				9BC6CC8419B4FA780020C14D /* NSString+StringCategory.h */,
				9BC6CC8519B4FA780020C14D /* NSString+StringCategory.m */,
				9B36F2E31A2B7F500061DB17 /* UIColor+CustomColors.h */,
				9B36F2E41A2B7F500061DB17 /* UIColor+CustomColors.m */,
			);
			name = Utilities;
			sourceTree = "<group>";
		};
		9B6A3A331AC9BF8E00521CDA /* Regions */ = {
			isa = PBXGroup;
			children = (
				9BC6CC8719B5318C0020C14D /* RegionTableViewCell.h */,
				9BC6CC8819B5318C0020C14D /* RegionTableViewCell.m */,
				9B14DAF219E37A89001ADB3E /* RegionListViewController.h */,
				9B14DAF319E37A89001ADB3E /* RegionListViewController.m */,
				9B36F2E71A2C17AC0061DB17 /* CreateTripViewController.h */,
				9B36F2E81A2C17AC0061DB17 /* CreateTripViewController.m */,
			);
			name = Regions;
			sourceTree = "<group>";
		};
		9B6A3A341AC9BFAD00521CDA /* Login */ = {
			isa = PBXGroup;
			children = (
				9B1C6E4419A6F26100D8B804 /* InitialViewController.h */,
				9B1C6E4519A6F26100D8B804 /* InitialViewController.m */,
				9B8681E01A32CB81009F9AD0 /* EntryViewController.h */,
				9B8681E11A32CB81009F9AD0 /* EntryViewController.m */,
				9B1C6E4719A6F29E00D8B804 /* LoginViewController.h */,
				9B1C6E4819A6F29E00D8B804 /* LoginViewController.m */,
				9B8681E31A32D1E5009F9AD0 /* RegistrationViewController.h */,
				9B8681E41A32D1E5009F9AD0 /* RegistrationViewController.m */,
				9B228FF01AED7441007F586C /* FirstTripViewController.h */,
				9B228FF11AED7441007F586C /* FirstTripViewController.m */,
			);
			name = Login;
			sourceTree = "<group>";
		};
		9B6A3A351AC9CEDB00521CDA /* Map */ = {
			isa = PBXGroup;
			children = (
				9B8682281A36AAC5009F9AD0 /* MapNavigationViewController.h */,
				9B8682291A36AAC5009F9AD0 /* MapNavigationViewController.m */,
				9B14DAF519E37D04001ADB3E /* MapViewController.h */,
				9B14DAF619E37D04001ADB3E /* MapViewController.m */,
				9B6A3A371AC9EF5A00521CDA /* TSMarker.h */,
				9B6A3A381AC9EF5A00521CDA /* TSMarker.m */,
				9B6980961AE5A66C00B08462 /* SearchTableViewController.h */,
				9B6980991AE5A68700B08462 /* SearchTableViewController.m */,
			);
			name = Map;
			sourceTree = "<group>";
		};
		9B6A3A361AC9D13E00521CDA /* Parse Objects */ = {
			isa = PBXGroup;
			children = (
				9BBB1126199AEA2800C5321D /* Location.h */,
				9BBB1127199AEA2800C5321D /* Location.m */,
				9BBB1129199AEA3400C5321D /* Region.h */,
				9BBB112A199AEA3400C5321D /* Region.m */,
				9B1C6E4119A6E82C00D8B804 /* User.h */,
				9B1C6E4219A6E82C00D8B804 /* User.m */,
			);
			name = "Parse Objects";
			sourceTree = "<group>";
		};
		9B6A3AB01ACB771D00521CDA /* Default/Managers */ = {
			isa = PBXGroup;
			children = (
				9B36F2DC1A28EFAD0061DB17 /* UserDefaults.h */,
				9B36F2DD1A28EFAD0061DB17 /* UserDefaults.m */,
				9BF7255519944E9100BFCA34 /* MapModel.h */,
				9BF7255619944E9100BFCA34 /* MapModel.m */,
				9B68B5461AAFF21300AF3493 /* FBSessionManager.h */,
				9B68B5471AAFF21300AF3493 /* FBSessionManager.m */,
			);
			name = Default/Managers;
			sourceTree = "<group>";
		};
		9BB0B868197AF79500D545C1 = {
			isa = PBXGroup;
			children = (
				9BB0B87A197AF79500D545C1 /* TSApp */,
				9BB0B899197AF79500D545C1 /* TSAppTests */,
				9BB0B873197AF79500D545C1 /* Frameworks */,
				9BB0B872197AF79500D545C1 /* Products */,
			);
			sourceTree = "<group>";
		};
		9BB0B872197AF79500D545C1 /* Products */ = {
			isa = PBXGroup;
			children = (
				9BB0B871197AF79500D545C1 /* TSApp.app */,
				9BB0B892197AF79500D545C1 /* TSAppTests.xctest */,
			);
			name = Products;
			sourceTree = "<group>";
		};
		9BB0B873197AF79500D545C1 /* Frameworks */ = {
			isa = PBXGroup;
			children = (
				9B68D1251A3AA5D500299694 /* Accounts.framework */,
				9B68D1231A3AA46000299694 /* FacebookSDK.framework */,
				9B4326131A3AA04F00F6549E /* libsqlite3.dylib */,
				9B325EFB1A3A98FE00C67667 /* Parse.framework */,
				9B325EFD1A3A98FE00C67667 /* ParseFacebookUtils.framework */,
				9B325EF81A3A98EC00C67667 /* ParseUI.framework */,
				9B8681DD1A32C3CB009F9AD0 /* FBAudienceNetwork.framework */,
				9BAA8D82198899B5000BC9A9 /* Social.framework */,
				9BAA8D7A198891DA000BC9A9 /* StoreKit.framework */,
				9BAA8D78198891D1000BC9A9 /* Security.framework */,
				9BAA8D76198891C1000BC9A9 /* MobileCoreServices.framework */,
				9BAA8D74198891AE000BC9A9 /* CFNetwork.framework */,
				9BAA8D7219889193000BC9A9 /* AudioToolbox.framework */,
				9BB0B8C3197B17F600D545C1 /* SystemConfiguration.framework */,
				9BB0B8C1197B17E900D545C1 /* QuartzCore.framework */,
				9BB0B8BF197B17DF00D545C1 /* OpenGLES.framework */,
				9BB0B8BD197B17D500D545C1 /* libz.dylib */,
				9BB0B8BB197B17CC00D545C1 /* libicucore.dylib */,
				9BB0B8B9197B17BC00D545C1 /* libc++.dylib */,
				9BB0B8B7197B17AD00D545C1 /* ImageIO.framework */,
				9BB0B8B5197B17A400D545C1 /* GLKit.framework */,
				9BB0B8B3197B179A00D545C1 /* CoreText.framework */,
				9BB0B8B1197B178E00D545C1 /* CoreData.framework */,
				9BB0B8AF197B178400D545C1 /* CoreLocation.framework */,
				9BB0B8AD197B175E00D545C1 /* AVFoundation.framework */,
				9BB0B8AB197B171C00D545C1 /* GoogleMaps.bundle */,
				9BB0B8A9197AF7F100D545C1 /* GoogleMaps.framework */,
				9BB0B874197AF79500D545C1 /* Foundation.framework */,
				9BB0B876197AF79500D545C1 /* CoreGraphics.framework */,
				9BB0B878197AF79500D545C1 /* UIKit.framework */,
				9BB0B893197AF79500D545C1 /* XCTest.framework */,
			);
			name = Frameworks;
			sourceTree = "<group>";
		};
		9BB0B87A197AF79500D545C1 /* TSApp */ = {
			isa = PBXGroup;
			children = (
				9BF72551199448AF00BFCA34 /* UI */,
				9B36F2E61A2B83320061DB17 /* Utilities */,
				9BF72550199448A200BFCA34 /* Model Objects */,
				9BB0B883197AF79500D545C1 /* AppDelegate.h */,
				9BB0B884197AF79500D545C1 /* AppDelegate.m */,
				9BB0B886197AF79500D545C1 /* Main.storyboard */,
				9BB0B88C197AF79500D545C1 /* Images.xcassets */,
				9BB0B87B197AF79500D545C1 /* Supporting Files */,
			);
			path = TSApp;
			sourceTree = "<group>";
		};
		9BB0B87B197AF79500D545C1 /* Supporting Files */ = {
			isa = PBXGroup;
			children = (
				9BB0B87C197AF79500D545C1 /* TSApp-Info.plist */,
				9BB0B87D197AF79500D545C1 /* InfoPlist.strings */,
				9BB0B880197AF79500D545C1 /* main.m */,
				9BB0B882197AF79500D545C1 /* TSApp-Prefix.pch */,
			);
			name = "Supporting Files";
			sourceTree = "<group>";
		};
		9BB0B899197AF79500D545C1 /* TSAppTests */ = {
			isa = PBXGroup;
			children = (
				9BB0B89F197AF79500D545C1 /* TSAppTests.m */,
				9BB0B89A197AF79500D545C1 /* Supporting Files */,
			);
			path = TSAppTests;
			sourceTree = "<group>";
		};
		9BB0B89A197AF79500D545C1 /* Supporting Files */ = {
			isa = PBXGroup;
			children = (
				9BB0B89B197AF79500D545C1 /* TSAppTests-Info.plist */,
				9BB0B89C197AF79500D545C1 /* InfoPlist.strings */,
			);
			name = "Supporting Files";
			sourceTree = "<group>";
		};
		9BBB1124199AC9F400C5321D /* Header Cells */ = {
			isa = PBXGroup;
			children = (
				9B7A54721AE74B720031B80D /* HeaderView.h */,
				9B7A54731AE74B720031B80D /* HeaderView.m */,
			);
			name = "Header Cells";
			sourceTree = "<group>";
		};
		9BCB5B601AD1848A0026D5B9 /* Directions */ = {
			isa = PBXGroup;
			children = (
				9BCB5B611AD184B50026D5B9 /* DirectionsViewController.h */,
				9BCB5B621AD184B50026D5B9 /* DirectionsViewController.m */,
				9BCB5B641AD193CE0026D5B9 /* DirectionsListViewController.h */,
				9BCB5B651AD193CE0026D5B9 /* DirectionsListViewController.m */,
			);
			name = Directions;
			sourceTree = "<group>";
		};
		9BE797901ABE849B00ED236C /* ManagedObjects */ = {
			isa = PBXGroup;
			children = (
				9BAA8D06198742AC000BC9A9 /* Model.xcdatamodeld */,
				9B47B7CF1AD2EE08007EB0C2 /* Direction.h */,
				9B47B7D01AD2EE08007EB0C2 /* Direction.m */,
				9B47B7CC1AD2EE07007EB0C2 /* DirectionSet.h */,
				9B47B7CD1AD2EE07007EB0C2 /* DirectionSet.m */,
				9B47B7C91AD2EE07007EB0C2 /* CDLocation.h */,
				9B47B7CA1AD2EE07007EB0C2 /* CDLocation.m */,
				9BE7978A1ABE848B00ED236C /* CDRegion.h */,
				9BE7978B1ABE848B00ED236C /* CDRegion.m */,
			);
			name = ManagedObjects;
			sourceTree = "<group>";
		};
		9BF72550199448A200BFCA34 /* Model Objects */ = {
			isa = PBXGroup;
			children = (
				9BFA22391AE75724007155B0 /* YelpObjects */,
				9B6A3AB01ACB771D00521CDA /* Default/Managers */,
				9B6A3A361AC9D13E00521CDA /* Parse Objects */,
				9BE797901ABE849B00ED236C /* ManagedObjects */,
			);
			name = "Model Objects";
			sourceTree = "<group>";
		};
		9BF72551199448AF00BFCA34 /* UI */ = {
			isa = PBXGroup;
			children = (
				9BBB1124199AC9F400C5321D /* Header Cells */,
				9B0D2FB71AD6245900683722 /* Buttons */,
				9B0F010B1AD492B2005DEFA8 /* Locations */,
				9BCB5B601AD1848A0026D5B9 /* Directions */,
				9B6A3A351AC9CEDB00521CDA /* Map */,
				9B6A3A341AC9BFAD00521CDA /* Login */,
				9B6A3A331AC9BF8E00521CDA /* Regions */,
				9B8681E61A3513C5009F9AD0 /* CustomInfoWindow.xib */,
			);
			name = UI;
			sourceTree = "<group>";
		};
		9BFA22391AE75724007155B0 /* YelpObjects */ = {
			isa = PBXGroup;
			children = (
				9B2CCAEB1AE037F000C691BF /* YPBusiness.h */,
				9B2CCAEC1AE037F000C691BF /* YPBusiness.m */,
			);
			name = YelpObjects;
			sourceTree = "<group>";
		};
/* End PBXGroup section */

/* Begin PBXNativeTarget section */
		9BB0B870197AF79500D545C1 /* TSApp */ = {
			isa = PBXNativeTarget;
			buildConfigurationList = 9BB0B8A3197AF79500D545C1 /* Build configuration list for PBXNativeTarget "TSApp" */;
			buildPhases = (
				9BB0B86D197AF79500D545C1 /* Sources */,
				9BB0B86E197AF79500D545C1 /* Frameworks */,
				9BB0B86F197AF79500D545C1 /* Resources */,
			);
			buildRules = (
			);
			dependencies = (
			);
			name = TSApp;
			productName = TSApp;
			productReference = 9BB0B871197AF79500D545C1 /* TSApp.app */;
			productType = "com.apple.product-type.application";
		};
		9BB0B891197AF79500D545C1 /* TSAppTests */ = {
			isa = PBXNativeTarget;
			buildConfigurationList = 9BB0B8A6197AF79500D545C1 /* Build configuration list for PBXNativeTarget "TSAppTests" */;
			buildPhases = (
				9BB0B88E197AF79500D545C1 /* Sources */,
				9BB0B88F197AF79500D545C1 /* Frameworks */,
				9BB0B890197AF79500D545C1 /* Resources */,
			);
			buildRules = (
			);
			dependencies = (
				9BB0B898197AF79500D545C1 /* PBXTargetDependency */,
			);
			name = TSAppTests;
			productName = TSAppTests;
			productReference = 9BB0B892197AF79500D545C1 /* TSAppTests.xctest */;
			productType = "com.apple.product-type.bundle.unit-test";
		};
/* End PBXNativeTarget section */

/* Begin PBXProject section */
		9BB0B869197AF79500D545C1 /* Project object */ = {
			isa = PBXProject;
			attributes = {
				LastUpgradeCheck = 0510;
				ORGANIZATIONNAME = TravelSages;
				TargetAttributes = {
					9BB0B870197AF79500D545C1 = {
						DevelopmentTeam = S38456XTSR;
					};
					9BB0B891197AF79500D545C1 = {
						TestTargetID = 9BB0B870197AF79500D545C1;
					};
				};
			};
			buildConfigurationList = 9BB0B86C197AF79500D545C1 /* Build configuration list for PBXProject "TSApp" */;
			compatibilityVersion = "Xcode 3.2";
			developmentRegion = English;
			hasScannedForEncodings = 0;
			knownRegions = (
				en,
				Base,
			);
			mainGroup = 9BB0B868197AF79500D545C1;
			productRefGroup = 9BB0B872197AF79500D545C1 /* Products */;
			projectDirPath = "";
			projectRoot = "";
			targets = (
				9BB0B870197AF79500D545C1 /* TSApp */,
				9BB0B891197AF79500D545C1 /* TSAppTests */,
			);
		};
/* End PBXProject section */

/* Begin PBXResourcesBuildPhase section */
		9BB0B86F197AF79500D545C1 /* Resources */ = {
			isa = PBXResourcesBuildPhase;
			buildActionMask = 2147483647;
			files = (
				9B8681E71A3513C5009F9AD0 /* CustomInfoWindow.xib in Resources */,
				9BB0B88D197AF79500D545C1 /* Images.xcassets in Resources */,
				9BB0B87F197AF79500D545C1 /* InfoPlist.strings in Resources */,
				9BB0B888197AF79500D545C1 /* Main.storyboard in Resources */,
				9BB0B8AC197B171C00D545C1 /* GoogleMaps.bundle in Resources */,
			);
			runOnlyForDeploymentPostprocessing = 0;
		};
		9BB0B890197AF79500D545C1 /* Resources */ = {
			isa = PBXResourcesBuildPhase;
			buildActionMask = 2147483647;
			files = (
				9BB0B89E197AF79500D545C1 /* InfoPlist.strings in Resources */,
			);
			runOnlyForDeploymentPostprocessing = 0;
		};
/* End PBXResourcesBuildPhase section */

/* Begin PBXSourcesBuildPhase section */
		9BB0B86D197AF79500D545C1 /* Sources */ = {
			isa = PBXSourcesBuildPhase;
			buildActionMask = 2147483647;
			files = (
				9BF7255719944E9100BFCA34 /* MapModel.m in Sources */,
				9B8681E51A32D1E5009F9AD0 /* RegistrationViewController.m in Sources */,
				9B36F2E91A2C17AC0061DB17 /* CreateTripViewController.m in Sources */,
				9B0F01061AD464C4005DEFA8 /* Constants.m in Sources */,
				9B69809B1AE5A68700B08462 /* SearchTableViewController.m in Sources */,
				9B14DAF419E37A89001ADB3E /* RegionListViewController.m in Sources */,
				9B1C6E4919A6F29E00D8B804 /* LoginViewController.m in Sources */,
				9BC6CC8919B5318C0020C14D /* RegionTableViewCell.m in Sources */,
				9B14DAF719E37D04001ADB3E /* MapViewController.m in Sources */,
				9B86822A1A36AAC5009F9AD0 /* MapNavigationViewController.m in Sources */,
				9B1C6E4619A6F26100D8B804 /* InitialViewController.m in Sources */,
				9BB0B885197AF79500D545C1 /* AppDelegate.m in Sources */,
				9B14DAF119E2D257001ADB3E /* NetworkErrorAlert.m in Sources */,
				9B7A54741AE74B720031B80D /* HeaderView.m in Sources */,
				9B6A3A391AC9EF5A00521CDA /* TSMarker.m in Sources */,
				9B0F01091AD4923D005DEFA8 /* LocationSelectionViewController.m in Sources */,
				9BBB1128199AEA2800C5321D /* Location.m in Sources */,
				9B68B5481AAFF21300AF3493 /* FBSessionManager.m in Sources */,
				9B0D2FBA1AD6249A00683722 /* TSButton.m in Sources */,
				9B8681E21A32CB81009F9AD0 /* EntryViewController.m in Sources */,
				9B2CCAEA1AE0323F00C691BF /* TDOAuth.m in Sources */,
				9BCB5B661AD193CE0026D5B9 /* DirectionsListViewController.m in Sources */,
				9BBB0F951997F21300C5321D /* LocationsListViewController.m in Sources */,
				9B36F2DE1A28EFAD0061DB17 /* UserDefaults.m in Sources */,
				9B47B7CB1AD2EE07007EB0C2 /* CDLocation.m in Sources */,
				9BE7978C1ABE848B00ED236C /* CDRegion.m in Sources */,
				9BB0B881197AF79500D545C1 /* main.m in Sources */,
				9B5690C81AF41FE100D8B4BA /* LocationDetailViewController.m in Sources */,
				9BBB112B199AEA3400C5321D /* Region.m in Sources */,
				9BC6CC8619B4FA780020C14D /* NSString+StringCategory.m in Sources */,
				9B1C6E4319A6E82C00D8B804 /* User.m in Sources */,
				9BCB5B631AD184B50026D5B9 /* DirectionsViewController.m in Sources */,
				9BBB1123199AC72300C5321D /* LocationTableViewCell.m in Sources */,
				9B36F2E51A2B7F500061DB17 /* UIColor+CustomColors.m in Sources */,
				9B2CCAED1AE037F000C691BF /* YPBusiness.m in Sources */,
				9B47B7CE1AD2EE07007EB0C2 /* DirectionSet.m in Sources */,
				9B47B7D11AD2EE08007EB0C2 /* Direction.m in Sources */,
				9B228FF21AED7441007F586C /* FirstTripViewController.m in Sources */,
				9BAA8D08198742AC000BC9A9 /* Model.xcdatamodeld in Sources */,
			);
			runOnlyForDeploymentPostprocessing = 0;
		};
		9BB0B88E197AF79500D545C1 /* Sources */ = {
			isa = PBXSourcesBuildPhase;
			buildActionMask = 2147483647;
			files = (
				9BB0B8A0197AF79500D545C1 /* TSAppTests.m in Sources */,
			);
			runOnlyForDeploymentPostprocessing = 0;
		};
/* End PBXSourcesBuildPhase section */

/* Begin PBXTargetDependency section */
		9BB0B898197AF79500D545C1 /* PBXTargetDependency */ = {
			isa = PBXTargetDependency;
			target = 9BB0B870197AF79500D545C1 /* TSApp */;
			targetProxy = 9BB0B897197AF79500D545C1 /* PBXContainerItemProxy */;
		};
/* End PBXTargetDependency section */

/* Begin PBXVariantGroup section */
		9BB0B87D197AF79500D545C1 /* InfoPlist.strings */ = {
			isa = PBXVariantGroup;
			children = (
				9BB0B87E197AF79500D545C1 /* en */,
			);
			name = InfoPlist.strings;
			sourceTree = "<group>";
		};
		9BB0B886197AF79500D545C1 /* Main.storyboard */ = {
			isa = PBXVariantGroup;
			children = (
				9BB0B887197AF79500D545C1 /* Base */,
			);
			name = Main.storyboard;
			sourceTree = "<group>";
		};
		9BB0B89C197AF79500D545C1 /* InfoPlist.strings */ = {
			isa = PBXVariantGroup;
			children = (
				9BB0B89D197AF79500D545C1 /* en */,
			);
			name = InfoPlist.strings;
			sourceTree = "<group>";
		};
/* End PBXVariantGroup section */

/* Begin XCBuildConfiguration section */
		9BB0B8A1197AF79500D545C1 /* Debug */ = {
			isa = XCBuildConfiguration;
			buildSettings = {
				ALWAYS_SEARCH_USER_PATHS = NO;
				CLANG_CXX_LANGUAGE_STANDARD = "gnu++0x";
				CLANG_CXX_LIBRARY = "libc++";
				CLANG_ENABLE_MODULES = YES;
				CLANG_ENABLE_OBJC_ARC = YES;
				CLANG_WARN_BOOL_CONVERSION = YES;
				CLANG_WARN_CONSTANT_CONVERSION = YES;
				CLANG_WARN_DIRECT_OBJC_ISA_USAGE = YES_ERROR;
				CLANG_WARN_EMPTY_BODY = YES;
				CLANG_WARN_ENUM_CONVERSION = YES;
				CLANG_WARN_INT_CONVERSION = YES;
				CLANG_WARN_OBJC_ROOT_CLASS = YES_ERROR;
				CLANG_WARN__DUPLICATE_METHOD_MATCH = YES;
				"CODE_SIGN_IDENTITY[sdk=iphoneos*]" = "iPhone Developer";
				COPY_PHASE_STRIP = NO;
				GCC_C_LANGUAGE_STANDARD = gnu99;
				GCC_DYNAMIC_NO_PIC = NO;
				GCC_OPTIMIZATION_LEVEL = 0;
				GCC_PREPROCESSOR_DEFINITIONS = (
					"DEBUG=1",
					"$(inherited)",
				);
				GCC_SYMBOLS_PRIVATE_EXTERN = NO;
				GCC_WARN_64_TO_32_BIT_CONVERSION = YES;
				GCC_WARN_ABOUT_RETURN_TYPE = YES_ERROR;
				GCC_WARN_UNDECLARED_SELECTOR = YES;
				GCC_WARN_UNINITIALIZED_AUTOS = YES_AGGRESSIVE;
				GCC_WARN_UNUSED_FUNCTION = YES;
				GCC_WARN_UNUSED_VARIABLE = YES;
				IPHONEOS_DEPLOYMENT_TARGET = 7.1;
				ONLY_ACTIVE_ARCH = YES;
				OTHER_LDFLAGS = "-ObjC";
				SDKROOT = iphoneos;
			};
			name = Debug;
		};
		9BB0B8A2197AF79500D545C1 /* Release */ = {
			isa = XCBuildConfiguration;
			buildSettings = {
				ALWAYS_SEARCH_USER_PATHS = NO;
				CLANG_CXX_LANGUAGE_STANDARD = "gnu++0x";
				CLANG_CXX_LIBRARY = "libc++";
				CLANG_ENABLE_MODULES = YES;
				CLANG_ENABLE_OBJC_ARC = YES;
				CLANG_WARN_BOOL_CONVERSION = YES;
				CLANG_WARN_CONSTANT_CONVERSION = YES;
				CLANG_WARN_DIRECT_OBJC_ISA_USAGE = YES_ERROR;
				CLANG_WARN_EMPTY_BODY = YES;
				CLANG_WARN_ENUM_CONVERSION = YES;
				CLANG_WARN_INT_CONVERSION = YES;
				CLANG_WARN_OBJC_ROOT_CLASS = YES_ERROR;
				CLANG_WARN__DUPLICATE_METHOD_MATCH = YES;
				"CODE_SIGN_IDENTITY[sdk=iphoneos*]" = "iPhone Developer";
				COPY_PHASE_STRIP = YES;
				ENABLE_NS_ASSERTIONS = NO;
				GCC_C_LANGUAGE_STANDARD = gnu99;
				GCC_WARN_64_TO_32_BIT_CONVERSION = YES;
				GCC_WARN_ABOUT_RETURN_TYPE = YES_ERROR;
				GCC_WARN_UNDECLARED_SELECTOR = YES;
				GCC_WARN_UNINITIALIZED_AUTOS = YES_AGGRESSIVE;
				GCC_WARN_UNUSED_FUNCTION = YES;
				GCC_WARN_UNUSED_VARIABLE = YES;
				IPHONEOS_DEPLOYMENT_TARGET = 7.1;
				OTHER_LDFLAGS = "-ObjC";
				SDKROOT = iphoneos;
				VALIDATE_PRODUCT = YES;
			};
			name = Release;
		};
		9BB0B8A4197AF79500D545C1 /* Debug */ = {
			isa = XCBuildConfiguration;
			buildSettings = {
				ASSETCATALOG_COMPILER_APPICON_NAME = AppIcon;
				ASSETCATALOG_COMPILER_LAUNCHIMAGE_NAME = LaunchImage;
				CODE_SIGN_IDENTITY = "iPhone Distribution: Richard Fellure (S38456XTSR)";
				"CODE_SIGN_IDENTITY[sdk=iphoneos*]" = "iPhone Distribution: Richard Fellure (S38456XTSR)";
				FRAMEWORK_SEARCH_PATHS = (
					"$(inherited)",
					"$(PROJECT_DIR)",
					"/Users/Rich/Documents/SDKs/parse-library-1",
					/Users/Rich/Documents/SDKs,
				);
				GCC_PRECOMPILE_PREFIX_HEADER = YES;
				GCC_PREFIX_HEADER = "TSApp/TSApp-Prefix.pch";
				INFOPLIST_FILE = "TSApp/TSApp-Info.plist";
				IPHONEOS_DEPLOYMENT_TARGET = 8.0;
				ONLY_ACTIVE_ARCH = NO;
				PRODUCT_NAME = "$(TARGET_NAME)";
				PROVISIONING_PROFILE = "56dc6ea9-0943-4c03-a29d-d05080102568";
				WRAPPER_EXTENSION = app;
			};
			name = Debug;
		};
		9BB0B8A5197AF79500D545C1 /* Release */ = {
			isa = XCBuildConfiguration;
			buildSettings = {
				ASSETCATALOG_COMPILER_APPICON_NAME = AppIcon;
				ASSETCATALOG_COMPILER_LAUNCHIMAGE_NAME = LaunchImage;
				CODE_SIGN_IDENTITY = "iPhone Distribution: Richard Fellure (S38456XTSR)";
				"CODE_SIGN_IDENTITY[sdk=iphoneos*]" = "iPhone Distribution: Richard Fellure (S38456XTSR)";
				FRAMEWORK_SEARCH_PATHS = (
					"$(inherited)",
					"$(PROJECT_DIR)",
					"/Users/Rich/Documents/SDKs/parse-library-1",
					/Users/Rich/Documents/SDKs,
				);
				GCC_PRECOMPILE_PREFIX_HEADER = YES;
				GCC_PREFIX_HEADER = "TSApp/TSApp-Prefix.pch";
				INFOPLIST_FILE = "TSApp/TSApp-Info.plist";
				IPHONEOS_DEPLOYMENT_TARGET = 8.0;
				ONLY_ACTIVE_ARCH = NO;
				PRODUCT_NAME = "$(TARGET_NAME)";
				PROVISIONING_PROFILE = "56dc6ea9-0943-4c03-a29d-d05080102568";
				WRAPPER_EXTENSION = app;
			};
			name = Release;
		};
		9BB0B8A7197AF79500D545C1 /* Debug */ = {
			isa = XCBuildConfiguration;
			buildSettings = {
				BUNDLE_LOADER = "$(BUILT_PRODUCTS_DIR)/TSApp.app/TSApp";
				FRAMEWORK_SEARCH_PATHS = (
					"$(SDKROOT)/Developer/Library/Frameworks",
					"$(inherited)",
					"$(DEVELOPER_FRAMEWORKS_DIR)",
					"$(PROJECT_DIR)",
				);
				GCC_PRECOMPILE_PREFIX_HEADER = YES;
				GCC_PREFIX_HEADER = "TSApp/TSApp-Prefix.pch";
				GCC_PREPROCESSOR_DEFINITIONS = (
					"DEBUG=1",
					"$(inherited)",
				);
				INFOPLIST_FILE = "TSAppTests/TSAppTests-Info.plist";
				PRODUCT_NAME = "$(TARGET_NAME)";
				TEST_HOST = "$(BUNDLE_LOADER)";
				WRAPPER_EXTENSION = xctest;
			};
			name = Debug;
		};
		9BB0B8A8197AF79500D545C1 /* Release */ = {
			isa = XCBuildConfiguration;
			buildSettings = {
				BUNDLE_LOADER = "$(BUILT_PRODUCTS_DIR)/TSApp.app/TSApp";
				FRAMEWORK_SEARCH_PATHS = (
					"$(SDKROOT)/Developer/Library/Frameworks",
					"$(inherited)",
					"$(DEVELOPER_FRAMEWORKS_DIR)",
					"$(PROJECT_DIR)",
				);
				GCC_PRECOMPILE_PREFIX_HEADER = YES;
				GCC_PREFIX_HEADER = "TSApp/TSApp-Prefix.pch";
				INFOPLIST_FILE = "TSAppTests/TSAppTests-Info.plist";
				PRODUCT_NAME = "$(TARGET_NAME)";
				TEST_HOST = "$(BUNDLE_LOADER)";
				WRAPPER_EXTENSION = xctest;
			};
			name = Release;
		};
/* End XCBuildConfiguration section */

/* Begin XCConfigurationList section */
		9BB0B86C197AF79500D545C1 /* Build configuration list for PBXProject "TSApp" */ = {
			isa = XCConfigurationList;
			buildConfigurations = (
				9BB0B8A1197AF79500D545C1 /* Debug */,
				9BB0B8A2197AF79500D545C1 /* Release */,
			);
			defaultConfigurationIsVisible = 0;
			defaultConfigurationName = Release;
		};
		9BB0B8A3197AF79500D545C1 /* Build configuration list for PBXNativeTarget "TSApp" */ = {
			isa = XCConfigurationList;
			buildConfigurations = (
				9BB0B8A4197AF79500D545C1 /* Debug */,
				9BB0B8A5197AF79500D545C1 /* Release */,
			);
			defaultConfigurationIsVisible = 0;
			defaultConfigurationName = Release;
		};
		9BB0B8A6197AF79500D545C1 /* Build configuration list for PBXNativeTarget "TSAppTests" */ = {
			isa = XCConfigurationList;
			buildConfigurations = (
				9BB0B8A7197AF79500D545C1 /* Debug */,
				9BB0B8A8197AF79500D545C1 /* Release */,
			);
			defaultConfigurationIsVisible = 0;
			defaultConfigurationName = Release;
		};
/* End XCConfigurationList section */

/* Begin XCVersionGroup section */
		9BAA8D06198742AC000BC9A9 /* Model.xcdatamodeld */ = {
			isa = XCVersionGroup;
			children = (
				9BAA8D07198742AC000BC9A9 /* Model.xcdatamodel */,
			);
			currentVersion = 9BAA8D07198742AC000BC9A9 /* Model.xcdatamodel */;
			name = Model.xcdatamodeld;
			path = ../Model.xcdatamodeld;
			sourceTree = "<group>";
			versionGroupType = wrapper.xcdatamodel;
		};
/* End XCVersionGroup section */
	};
	rootObject = 9BB0B869197AF79500D545C1 /* Project object */;
}
